
Microsoft Visual Studio Solution File, Format Version 12.00
# Visual Studio 15
VisualStudioVersion = 15.0.27703.2000
MinimumVisualStudioVersion = 10.0.40219.1
Project("{FAE04EC0-301F-11D3-BF4B-00C04F79EFBC}") = "MatchEventsWebApp", "MatchEventsWebApp\MatchEventsWebApp.csproj", "{A515A123-B439-4D21-8286-412184EDE914}"
EndProject
Global
	GlobalSection(SolutionConfigurationPlatforms) = preSolution
		Debug|Any CPU = Debug|Any CPU
		Release|Any CPU = Release|Any CPU
	EndGlobalSection
	GlobalSection(ProjectConfigurationPlatforms) = postSolution
		{A515A123-B439-4D21-8286-412184EDE914}.Debug|Any CPU.ActiveCfg = Debug|Any CPU
		{A515A123-B439-4D21-8286-412184EDE914}.Debug|Any CPU.Build.0 = Debug|Any CPU
		{A515A123-B439-4D21-8286-412184EDE914}.Release|Any CPU.ActiveCfg = Release|Any CPU
		{A515A123-B439-4D21-8286-412184EDE914}.Release|Any CPU.Build.0 = Release|Any CPU
	EndGlobalSection
	GlobalSection(SolutionProperties) = preSolution
		HideSolutionNode = FALSE
	EndGlobalSection
	GlobalSection(ExtensibilityGlobals) = postSolution
		SolutionGuid = {C7D73ADA-939F-420B-87BA-78541E8E307B}
	EndGlobalSection
EndGlobal
